// !$*UTF8*$!
{
	archiveVersion = 1;
	classes = {
	};
	objectVersion = 46;
	objects = {

/* Begin PBXBuildFile section */
		2999F0F61BE80CDB00F26D1A /* AppDelegate.swift in Sources */ = {isa = PBXBuildFile; fileRef = 2999F0F51BE80CDB00F26D1A /* AppDelegate.swift */; };
		2999F0F81BE80CDB00F26D1A /* ViewController.swift in Sources */ = {isa = PBXBuildFile; fileRef = 2999F0F71BE80CDB00F26D1A /* ViewController.swift */; };
		2999F0FB1BE80CDB00F26D1A /* Main.storyboard in Resources */ = {isa = PBXBuildFile; fileRef = 2999F0F91BE80CDB00F26D1A /* Main.storyboard */; };
		2999F0FD1BE80CDB00F26D1A /* Assets.xcassets in Resources */ = {isa = PBXBuildFile; fileRef = 2999F0FC1BE80CDB00F26D1A /* Assets.xcassets */; };
		2999F1001BE80CDB00F26D1A /* LaunchScreen.storyboard in Resources */ = {isa = PBXBuildFile; fileRef = 2999F0FE1BE80CDB00F26D1A /* LaunchScreen.storyboard */; };
/* End PBXBuildFile section */

/* Begin PBXFileReference section */
		2999F0F21BE80CDB00F26D1A /* demo.app */ = {isa = PBXFileReference; explicitFileType = wrapper.application; includeInIndex = 0; path = demo.app; sourceTree = BUILT_PRODUCTS_DIR; };
		2999F0F51BE80CDB00F26D1A /* AppDelegate.swift */ = {isa = PBXFileReference; lastKnownFileType = sourcecode.swift; path = AppDelegate.swift; sourceTree = "<group>"; };
		2999F0F71BE80CDB00F26D1A /* ViewController.swift */ = {isa = PBXFileReference; lastKnownFileType = sourcecode.swift; path = ViewController.swift; sourceTree = "<group>"; };
		2999F0FA1BE80CDB00F26D1A /* Base */ = {isa = PBXFileReference; lastKnownFileType = file.storyboard; name = Base; path = Base.lproj/Main.storyboard; sourceTree = "<group>"; };
		2999F0FC1BE80CDB00F26D1A /* Assets.xcassets */ = {isa = PBXFileReference; lastKnownFileType = folder.assetcatalog; path = Assets.xcassets; sourceTree = "<group>"; };
		2999F0FF1BE80CDB00F26D1A /* Base */ = {isa = PBXFileReference; lastKnownFileType = file.storyboard; name = Base; path = Base.lproj/LaunchScreen.storyboard; sourceTree = "<group>"; };
		2999F1011BE80CDB00F26D1A /* Info.plist */ = {isa = PBXFileReference; lastKnownFileType = text.plist.xml; path = Info.plist; sourceTree = "<group>"; };
/* End PBXFileReference section */

/* Begin PBXFrameworksBuildPhase section */
		2999F0EF1BE80CDB00F26D1A /* Frameworks */ = {
			isa = PBXFrameworksBuildPhase;
			buildActionMask = 2147483647;
			files = (
			);
			runOnlyForDeploymentPostprocessing = 0;
		};
/* End PBXFrameworksBuildPhase section */

/* Begin PBXGroup section */
		2999F0E91BE80CDB00F26D1A = {
			isa = PBXGroup;
			children = (
				2999F0F41BE80CDB00F26D1A /* demo */,
				2999F0F31BE80CDB00F26D1A /* Products */,
			);
			sourceTree = "<group>";
		};
		2999F0F31BE80CDB00F26D1A /* Products */ = {
			isa = PBXGroup;
			children = (
				2999F0F21BE80CDB00F26D1A /* demo.app */,
			);
			name = Products;
			sourceTree = "<group>";
		};
		2999F0F41BE80CDB00F26D1A /* demo */ = {
			isa = PBXGroup;
			children = (
				2999F0F51BE80CDB00F26D1A /* AppDelegate.swift */,
				2999F0F71BE80CDB00F26D1A /* ViewController.swift */,
				2999F0F91BE80CDB00F26D1A /* Main.storyboard */,
				2999F0FC1BE80CDB00F26D1A /* Assets.xcassets */,
				2999F0FE1BE80CDB00F26D1A /* LaunchScreen.storyboard */,
				2999F1011BE80CDB00F26D1A /* Info.plist */,
			);
			path = demo;
			sourceTree = "<group>";
		};
/* End PBXGroup section */

/* Begin PBXNativeTarget section */
		2999F0F11BE80CDB00F26D1A /* demo */ = {
			isa = PBXNativeTarget;
			buildConfigurationList = 2999F1041BE80CDB00F26D1A /* Build configuration list for PBXNativeTarget "demo" */;
			buildPhases = (
				2999F0EE1BE80CDB00F26D1A /* Sources */,
				2999F0EF1BE80CDB00F26D1A /* Frameworks */,
				2999F0F01BE80CDB00F26D1A /* Resources */,
			);
			buildRules = (
			);
			dependencies = (
			);
			name = demo;
			productName = demo;
			productReference = 2999F0F21BE80CDB00F26D1A /* demo.app */;
			productType = "com.apple.product-type.application";
		};
/* End PBXNativeTarget section */

/* Begin PBXProject section */
		2999F0EA1BE80CDB00F26D1A /* Project object */ = {
			isa = PBXProject;
			attributes = {
				LastSwiftUpdateCheck = 0710;
				LastUpgradeCheck = 0710;
				ORGANIZATIONNAME = "Marius Horga";
				TargetAttributes = {
					2999F0F11BE80CDB00F26D1A = {
						CreatedOnToolsVersion = 7.1;
					};
				};
			};
			buildConfigurationList = 2999F0ED1BE80CDB00F26D1A /* Build configuration list for PBXProject "demo" */;
			compatibilityVersion = "Xcode 3.2";
			developmentRegion = English;
			hasScannedForEncodings = 0;
			knownRegions = (
				en,
				Base,
			);
			mainGroup = 2999F0E91BE80CDB00F26D1A;
			productRefGroup = 2999F0F31BE80CDB00F26D1A /* Products */;
			projectDirPath = "";
			projectRoot = "";
			targets = (
				2999F0F11BE80CDB00F26D1A /* demo */,
			);
		};
/* End PBXProject section */

/* Begin PBXResourcesBuildPhase section */
		2999F0F01BE80CDB00F26D1A /* Resources */ = {
			isa = PBXResourcesBuildPhase;
			buildActionMask = 2147483647;
			files = (
				2999F1001BE80CDB00F26D1A /* LaunchScreen.storyboard in Resources */,
				2999F0FD1BE80CDB00F26D1A /* Assets.xcassets in Resources */,
				2999F0FB1BE80CDB00F26D1A /* Main.storyboard in Resources */,
			);
			runOnlyForDeploymentPostprocessing = 0;
		};
/* End PBXResourcesBuildPhase section */

/* Begin PBXSourcesBuildPhase section */
		2999F0EE1BE80CDB00F26D1A /* Sources */ = {
			isa = PBXSourcesBuildPhase;
			buildActionMask = 2147483647;
			files = (
				2999F0F81BE80CDB00F26D1A /* ViewController.swift in Sources */,
				2999F0F61BE80CDB00F26D1A /* AppDelegate.swift in Sources */,
			);
			runOnlyForDeploymentPostprocessing = 0;
		};
/* End PBXSourcesBuildPhase section */

/* Begin PBXVariantGroup section */
		2999F0F91BE80CDB00F26D1A /* Main.storyboard */ = {
			isa = PBXVariantGroup;
			children = (
				2999F0FA1BE80CDB00F26D1A /* Base */,
			);
			name = Main.storyboard;
			sourceTree = "<group>";
		};
		2999F0FE1BE80CDB00F26D1A /* LaunchScreen.storyboard */ = {
			isa = PBXVariantGroup;
			children = (
				2999F0FF1BE80CDB00F26D1A /* Base */,
			);
			name = LaunchScreen.storyboard;
			sourceTree = "<group>";
		};
/* End PBXVariantGroup section */

/* Begin XCBuildConfiguration section */
		2999F1021BE80CDB00F26D1A /* Debug */ = {
			isa = XCBuildConfiguration;
			buildSettings = {
				ALWAYS_SEARCH_USER_PATHS = NO;
				CLANG_CXX_LANGUAGE_STANDARD = "gnu++0x";
				CLANG_CXX_LIBRARY = "libc++";
				CLANG_ENABLE_MODULES = YES;
				CLANG_ENABLE_OBJC_ARC = YES;
				CLANG_WARN_BOOL_CONVERSION = YES;
				CLANG_WARN_CONSTANT_CONVERSION = YES;
				CLANG_WARN_DIRECT_OBJC_ISA_USAGE = YES_ERROR;
				CLANG_WARN_EMPTY_BODY = YES;
				CLANG_WARN_ENUM_CONVERSION = YES;
				CLANG_WARN_INT_CONVERSION = YES;
				CLANG_WARN_OBJC_ROOT_CLASS = YES_ERROR;
				CLANG_WARN_UNREACHABLE_CODE = YES;
				CLANG_WARN__DUPLICATE_METHOD_MATCH = YES;
				"CODE_SIGN_IDENTITY[sdk=iphoneos*]" = "iPhone Developer";
				COPY_PHASE_STRIP = NO;
				DEBUG_INFORMATION_FORMAT = dwarf;
				ENABLE_STRICT_OBJC_MSGSEND = YES;
				ENABLE_TESTABILITY = YES;
				GCC_C_LANGUAGE_STANDARD = gnu99;
				GCC_DYNAMIC_NO_PIC = NO;
				GCC_NO_COMMON_BLOCKS = YES;
				GCC_OPTIMIZATION_LEVEL = 0;
				GCC_PREPROCESSOR_DEFINITIONS = (
					"DEBUG=1",
					"$(inherited)",
				);
				GCC_WARN_64_TO_32_BIT_CONVERSION = YES;
				GCC_WARN_ABOUT_RETURN_TYPE = YES_ERROR;
				GCC_WARN_UNDECLARED_SELECTOR = YES;
				GCC_WARN_UNINITIALIZED_AUTOS = YES_AGGRESSIVE;
				GCC_WARN_UNUSED_FUNCTION = YES;
				GCC_WARN_UNUSED_VARIABLE = YES;
				IPHONEOS_DEPLOYMENT_TARGET = 9.1;
				MTL_ENABLE_DEBUG_INFO = YES;
				ONLY_ACTIVE_ARCH = YES;
				SDKROOT = iphoneos;
				SWIFT_OPTIMIZATION_LEVEL = "-Onone";
				TARGETED_DEVICE_FAMILY = "1,2";
			};
			name = Debug;
		};
		2999F1031BE80CDB00F26D1A /* Release */ = {
			isa = XCBuildConfiguration;
			buildSettings = {
				ALWAYS_SEARCH_USER_PATHS = NO;
				CLANG_CXX_LANGUAGE_STANDARD = "gnu++0x";
				CLANG_CXX_LIBRARY = "libc++";
				CLANG_ENABLE_MODULES = YES;
				CLANG_ENABLE_OBJC_ARC = YES;
				CLANG_WARN_BOOL_CONVERSION = YES;
				CLANG_WARN_CONSTANT_CONVERSION = YES;
				CLANG_WARN_DIRECT_OBJC_ISA_USAGE = YES_ERROR;
				CLANG_WARN_EMPTY_BODY = YES;
				CLANG_WARN_ENUM_CONVERSION = YES;
				CLANG_WARN_INT_CONVERSION = YES;
				CLANG_WARN_OBJC_ROOT_CLASS = YES_ERROR;
				CLANG_WARN_UNREACHABLE_CODE = YES;
				CLANG_WARN__DUPLICATE_METHOD_MATCH = YES;
				"CODE_SIGN_IDENTITY[sdk=iphoneos*]" = "iPhone Developer";
				COPY_PHASE_STRIP = NO;
				DEBUG_INFORMATION_FORMAT = "dwarf-with-dsym";
				ENABLE_NS_ASSERTIONS = NO;
				ENABLE_STRICT_OBJC_MSGSEND = YES;
				GCC_C_LANGUAGE_STANDARD = gnu99;
				GCC_NO_COMMON_BLOCKS = YES;
				GCC_WARN_64_TO_32_BIT_CONVERSION = YES;
				GCC_WARN_ABOUT_RETURN_TYPE = YES_ERROR;
				GCC_WARN_UNDECLARED_SELECTOR = YES;
				GCC_WARN_UNINITIALIZED_AUTOS = YES_AGGRESSIVE;
				GCC_WARN_UNUSED_FUNCTION = YES;
				GCC_WARN_UNUSED_VARIABLE = YES;
				IPHONEOS_DEPLOYMENT_TARGET = 9.1;
				MTL_ENABLE_DEBUG_INFO = NO;
				SDKROOT = iphoneos;
				TARGETED_DEVICE_FAMILY = "1,2";
				VALIDATE_PRODUCT = YES;
			};
			name = Release;
		};
		2999F1051BE80CDB00F26D1A /* Debug */ = {
			isa = XCBuildConfiguration;
			buildSettings = {
				ASSETCATALOG_COMPILER_APPICON_NAME = AppIcon;
				INFOPLIST_FILE = demo/Info.plist;
				LD_RUNPATH_SEARCH_PATHS = "$(inherited) @executable_path/Frameworks";
				PRODUCT_BUNDLE_IDENTIFIER = org.mhorga.demo;
				PRODUCT_NAME = "$(TARGET_NAME)";
			};
			name = Debug;
		};
		2999F1061BE80CDB00F26D1A /* Release */ = {
			isa = XCBuildConfiguration;
			buildSettings = {
				ASSETCATALOG_COMPILER_APPICON_NAME = AppIcon;
				INFOPLIST_FILE = demo/Info.plist;
				LD_RUNPATH_SEARCH_PATHS = "$(inherited) @executable_path/Frameworks";
				PRODUCT_BUNDLE_IDENTIFIER = org.mhorga.demo;
				PRODUCT_NAME = "$(TARGET_NAME)";
			};
			name = Release;
		};
/* End XCBuildConfiguration section */

/* Begin XCConfigurationList section */
		2999F0ED1BE80CDB00F26D1A /* Build configuration list for PBXProject "demo" */ = {
			isa = XCConfigurationList;
			buildConfigurations = (
				2999F1021BE80CDB00F26D1A /* Debug */,
				2999F1031BE80CDB00F26D1A /* Release */,
			);
			defaultConfigurationIsVisible = 0;
			defaultConfigurationName = Release;
		};
		2999F1041BE80CDB00F26D1A /* Build configuration list for PBXNativeTarget "demo" */ = {
			isa = XCConfigurationList;
			buildConfigurations = (
				2999F1051BE80CDB00F26D1A /* Debug */,
				2999F1061BE80CDB00F26D1A /* Release */,
			);
			defaultConfigurationIsVisible = 0;
		};
/* End XCConfigurationList section */
	};
	rootObject = 2999F0EA1BE80CDB00F26D1A /* Project object */;
}
